
Microsoft Visual Studio Solution File, Format Version 12.00
# Visual Studio Version 16
VisualStudioVersion = 16.0.33130.400
MinimumVisualStudioVersion = 10.0.40219.1
Project("{FAE04EC0-301F-11D3-BF4B-00C04F79EFBC}") = "Practica11-12_2", "Practica11-12_2.csproj", "{86AFC71F-F502-4DBD-8448-683ED81CD063}"
EndProject
Global
	GlobalSection(SolutionConfigurationPlatforms) = preSolution
		Debug|Any CPU = Debug|Any CPU
		Release|Any CPU = Release|Any CPU
	EndGlobalSection
	GlobalSection(ProjectConfigurationPlatforms) = postSolution
		{86AFC71F-F502-4DBD-8448-683ED81CD063}.Debug|Any CPU.ActiveCfg = Debug|Any CPU
		{86AFC71F-F502-4DBD-8448-683ED81CD063}.Debug|Any CPU.Build.0 = Debug|Any CPU
		{86AFC71F-F502-4DBD-8448-683ED81CD063}.Release|Any CPU.ActiveCfg = Release|Any CPU
		{86AFC71F-F502-4DBD-8448-683ED81CD063}.Release|Any CPU.Build.0 = Release|Any CPU
	EndGlobalSection
	GlobalSection(SolutionProperties) = preSolution
		HideSolutionNode = FALSE
	EndGlobalSection
	GlobalSection(ExtensibilityGlobals) = postSolution
		SolutionGuid = {F002CF7A-5470-439B-B995-7A50FE499F9A}
	EndGlobalSection
EndGlobal
